<?xml version="1.0" encoding="utf-8"?>
<Project ToolsVersion="4.0" xmlns="http://schemas.microsoft.com/developer/msbuild/2003">
  <ItemGroup>
    <Filter Include="Source Files">
      <UniqueIdentifier>{e83de84a-59a6-40b0-8672-3c4e396f2e31}</UniqueIdentifier>
      <Extensions>cpp;c;cxx;rc;def;r;odl;idl;hpj;bat</Extensions>
    </Filter>
    <Filter Include="Header Files">
      <UniqueIdentifier>{794f1e65-6520-4e78-aeca-864c52f1eaf0}</UniqueIdentifier>
    </Filter>
    <Filter Include="Resource Files">
      <UniqueIdentifier>{e6bf6b83-57b3-4e9f-baed-969633ac6278}</UniqueIdentifier>
    </Filter>
  </ItemGroup>
  <ItemGroup>
    <ClCompile Include="chat_dialog.cpp">
      <Filter>Source Files</Filter>
    </ClCompile>
    <ClCompile Include="ColorPicker.cpp">
      <Filter>Source Files</Filter>
    </ClCompile>
    <ClCompile Include="debug.cpp">
      <Filter>Source Files</Filter>
    </ClCompile>
    <ClCompile Include="main.cpp">
      <Filter>Source Files</Filter>
    </ClCompile>
    <ClCompile Include="main_frame.cpp">
      <Filter>Source Files</Filter>
    </ClCompile>
    <ClCompile Include="StdAfx.cpp">
      <Filter>Source Files</Filter>
    </ClCompile>
    <ClCompile Include="UIFriends.cpp">
      <Filter>Source Files</Filter>
    </ClCompile>
    <ClCompile Include="UIGroups.cpp">
      <Filter>Source Files</Filter>
    </ClCompile>
    <ClCompile Include="UIListCommonDefine.cpp">
      <Filter>Source Files</Filter>
    </ClCompile>
    <ClCompile Include="UIMicroBlog.cpp">
      <Filter>Source Files</Filter>
    </ClCompile>
    <ClCompile Include="win_impl_base.cpp">
      <Filter>Source Files</Filter>
    </ClCompile>
    <ClCompile Include="..\DuiLib\Utils\XUnzip.cpp">
      <Filter>Source Files</Filter>
    </ClCompile>
    <ClCompile Include="color_skin.cpp">
      <Filter>Header Files</Filter>
    </ClCompile>
  </ItemGroup>
  <ItemGroup>
    <ClInclude Include="chat_dialog.hpp">
      <Filter>Header Files</Filter>
    </ClInclude>
    <ClInclude Include="color_skin.hpp">
      <Filter>Header Files</Filter>
    </ClInclude>
    <ClInclude Include="ColorPicker.hpp">
      <Filter>Header Files</Filter>
    </ClInclude>
    <ClInclude Include="debug.hpp">
      <Filter>Header Files</Filter>
    </ClInclude>
    <ClInclude Include="main_frame.hpp">
      <Filter>Header Files</Filter>
    </ClInclude>
    <ClInclude Include="observer_impl_base.hpp">
      <Filter>Header Files</Filter>
    </ClInclude>
    <ClInclude Include="skin_change_event.hpp">
      <Filter>Header Files</Filter>
    </ClInclude>
    <ClInclude Include="StdAfx.h">
      <Filter>Header Files</Filter>
    </ClInclude>
    <ClInclude Include="UIFriends.hpp">
      <Filter>Header Files</Filter>
    </ClInclude>
    <ClInclude Include="UIGroups.hpp">
      <Filter>Header Files</Filter>
    </ClInclude>
    <ClInclude Include="UIListCommonDefine.hpp">
      <Filter>Header Files</Filter>
    </ClInclude>
    <ClInclude Include="UIMicroBlog.hpp">
      <Filter>Header Files</Filter>
    </ClInclude>
    <ClInclude Include="win_impl_base.hpp">
      <Filter>Header Files</Filter>
    </ClInclude>
    <ClInclude Include="resource.h">
      <Filter>Resource Files</Filter>
    </ClInclude>
  </ItemGroup>
  <ItemGroup>
    <ResourceCompile Include="QQDemo.rc">
      <Filter>Resource Files</Filter>
    </ResourceCompile>
  </ItemGroup>
</Project>